
Microsoft Visual Studio Solution File, Format Version 12.00
# Visual Studio Version 17
VisualStudioVersion = 17.5.002.0
MinimumVisualStudioVersion = 10.0.40219.1
Project("{9A19103F-16F7-4668-BE54-9A1E7A4F7556}") = "ChatP2P", "ChatP2P\ChatP2P.csproj", "{8BE5695B-4EAA-486E-A0F4-2F16549CFF12}"
EndProject
Project("{9A19103F-16F7-4668-BE54-9A1E7A4F7556}") = "helloworld", "helloworld\helloworld.csproj", "{6687EB2E-6556-46B6-AA89-D884CC8DEBAF}"
EndProject
Global
	GlobalSection(SolutionConfigurationPlatforms) = preSolution
		Debug|Any CPU = Debug|Any CPU
		Release|Any CPU = Release|Any CPU
	EndGlobalSection
	GlobalSection(ProjectConfigurationPlatforms) = postSolution
		{8BE5695B-4EAA-486E-A0F4-2F16549CFF12}.Debug|Any CPU.ActiveCfg = Debug|Any CPU
		{8BE5695B-4EAA-486E-A0F4-2F16549CFF12}.Debug|Any CPU.Build.0 = Debug|Any CPU
		{8BE5695B-4EAA-486E-A0F4-2F16549CFF12}.Release|Any CPU.ActiveCfg = Release|Any CPU
		{8BE5695B-4EAA-486E-A0F4-2F16549CFF12}.Release|Any CPU.Build.0 = Release|Any CPU
		{6687EB2E-6556-46B6-AA89-D884CC8DEBAF}.Debug|Any CPU.ActiveCfg = Debug|Any CPU
		{6687EB2E-6556-46B6-AA89-D884CC8DEBAF}.Debug|Any CPU.Build.0 = Debug|Any CPU
		{6687EB2E-6556-46B6-AA89-D884CC8DEBAF}.Release|Any CPU.ActiveCfg = Release|Any CPU
		{6687EB2E-6556-46B6-AA89-D884CC8DEBAF}.Release|Any CPU.Build.0 = Release|Any CPU
	EndGlobalSection
	GlobalSection(SolutionProperties) = preSolution
		HideSolutionNode = FALSE
	EndGlobalSection
	GlobalSection(ExtensibilityGlobals) = postSolution
		SolutionGuid = {AD0C8AE5-8E4A-494A-A5F1-8A47B2BC6CBE}
	EndGlobalSection
EndGlobal
