
Microsoft Visual Studio Solution File, Format Version 12.00
# Visual Studio Version 17
VisualStudioVersion = 17.5.002.0
MinimumVisualStudioVersion = 10.0.40219.1
Project("{9A19103F-16F7-4668-BE54-9A1E7A4F7556}") = "FileDownload", "FileDownload.csproj", "{375DB580-3871-4057-A7D4-A81BA0419262}"
EndProject
Global
	GlobalSection(SolutionConfigurationPlatforms) = preSolution
		Debug|Any CPU = Debug|Any CPU
		Release|Any CPU = Release|Any CPU
	EndGlobalSection
	GlobalSection(ProjectConfigurationPlatforms) = postSolution
		{375DB580-3871-4057-A7D4-A81BA0419262}.Debug|Any CPU.ActiveCfg = Debug|Any CPU
		{375DB580-3871-4057-A7D4-A81BA0419262}.Debug|Any CPU.Build.0 = Debug|Any CPU
		{375DB580-3871-4057-A7D4-A81BA0419262}.Release|Any CPU.ActiveCfg = Release|Any CPU
		{375DB580-3871-4057-A7D4-A81BA0419262}.Release|Any CPU.Build.0 = Release|Any CPU
	EndGlobalSection
	GlobalSection(SolutionProperties) = preSolution
		HideSolutionNode = FALSE
	EndGlobalSection
	GlobalSection(ExtensibilityGlobals) = postSolution
		SolutionGuid = {DC2BE383-6050-49BF-A42E-522B1A2D6468}
	EndGlobalSection
EndGlobal
